
Microsoft Visual Studio Solution File, Format Version 12.00
# Visual Studio 14
VisualStudioVersion = 14.0.23107.0
MinimumVisualStudioVersion = 10.0.40219.1
Project("{888888A0-9F3D-457C-B088-3A5042F75D52}") = "WebProject1", "WebProject1\WebProject1.pyproj", "{0634FFE5-8477-4A59-8C3E-5FE4331DCA66}"
EndProject
Project("{FAE04EC0-301F-11D3-BF4B-00C04F79EFBC}") = "apiCall_wildNature", "apiCall_wildNature\apiCall_wildNature.csproj", "{C46D3E13-037E-47FB-8FD0-D675A63F4EA3}"
EndProject
Global
	GlobalSection(SolutionConfigurationPlatforms) = preSolution
		Debug|Any CPU = Debug|Any CPU
		Release|Any CPU = Release|Any CPU
	EndGlobalSection
	GlobalSection(ProjectConfigurationPlatforms) = postSolution
		{0634FFE5-8477-4A59-8C3E-5FE4331DCA66}.Debug|Any CPU.ActiveCfg = Debug|Any CPU
		{0634FFE5-8477-4A59-8C3E-5FE4331DCA66}.Debug|Any CPU.Build.0 = Debug|Any CPU
		{0634FFE5-8477-4A59-8C3E-5FE4331DCA66}.Release|Any CPU.ActiveCfg = Release|Any CPU
		{0634FFE5-8477-4A59-8C3E-5FE4331DCA66}.Release|Any CPU.Build.0 = Release|Any CPU
		{C46D3E13-037E-47FB-8FD0-D675A63F4EA3}.Debug|Any CPU.ActiveCfg = Debug|Any CPU
		{C46D3E13-037E-47FB-8FD0-D675A63F4EA3}.Debug|Any CPU.Build.0 = Debug|Any CPU
		{C46D3E13-037E-47FB-8FD0-D675A63F4EA3}.Release|Any CPU.ActiveCfg = Release|Any CPU
		{C46D3E13-037E-47FB-8FD0-D675A63F4EA3}.Release|Any CPU.Build.0 = Release|Any CPU
	EndGlobalSection
	GlobalSection(SolutionProperties) = preSolution
		HideSolutionNode = FALSE
	EndGlobalSection
	GlobalSection(TeamFoundationVersionControl) = preSolution
		SccNumberOfProjects = 3
		SccEnterpriseProvider = {4CA58AB2-18FA-4F8D-95D4-32DDF27D184C}
		SccTeamFoundationServer = https://bostondatascience.visualstudio.com/defaultcollection
		SccProjectUniqueName0 = apiCall_wildNature\\apiCall_wildNature.csproj
		SccProjectName0 = apiCall_wildNature
		SccLocalPath0 = apiCall_wildNature
		SccLocalPath1 = .
		SccProjectUniqueName2 = WebProject1\\WebProject1.pyproj
		SccProjectName2 = WebProject1
		SccLocalPath2 = WebProject1
	EndGlobalSection
EndGlobal
